
Microsoft Visual Studio Solution File, Format Version 12.00
# Visual Studio Version 17
VisualStudioVersion = 17.1.32421.90
MinimumVisualStudioVersion = 10.0.40219.1
Project("{FAE04EC0-301F-11D3-BF4B-00C04F79EFBC}") = "The Finding of Seven (Text Adventure Game)", "The Finding of Seven (Text Adventure Game)\The Finding of Seven (Text Adventure Game).csproj", "{5A637C25-2D3F-4DE0-8CEA-FDD343F27750}"
EndProject
Global
	GlobalSection(SolutionConfigurationPlatforms) = preSolution
		Debug|Any CPU = Debug|Any CPU
		Release|Any CPU = Release|Any CPU
	EndGlobalSection
	GlobalSection(ProjectConfigurationPlatforms) = postSolution
		{5A637C25-2D3F-4DE0-8CEA-FDD343F27750}.Debug|Any CPU.ActiveCfg = Debug|Any CPU
		{5A637C25-2D3F-4DE0-8CEA-FDD343F27750}.Debug|Any CPU.Build.0 = Debug|Any CPU
		{5A637C25-2D3F-4DE0-8CEA-FDD343F27750}.Release|Any CPU.ActiveCfg = Release|Any CPU
		{5A637C25-2D3F-4DE0-8CEA-FDD343F27750}.Release|Any CPU.Build.0 = Release|Any CPU
	EndGlobalSection
	GlobalSection(SolutionProperties) = preSolution
		HideSolutionNode = FALSE
	EndGlobalSection
	GlobalSection(ExtensibilityGlobals) = postSolution
		SolutionGuid = {1D0807C7-95C5-4F49-A823-AAAFCAD1EED6}
	EndGlobalSection
EndGlobal
